
Microsoft Visual Studio Solution File, Format Version 12.00
# Visual Studio Version 17
VisualStudioVersion = 17.5.33516.290
MinimumVisualStudioVersion = 10.0.40219.1
Project("{888888A0-9F3D-457C-B088-3A5042F75D52}") = "Homework4", "Homework4\Homework4.pyproj", "{53B5DDC1-8D04-4902-B469-6501F7336B6E}"
EndProject
Global
	GlobalSection(SolutionConfigurationPlatforms) = preSolution
		Debug|Any CPU = Debug|Any CPU
		Release|Any CPU = Release|Any CPU
	EndGlobalSection
	GlobalSection(ProjectConfigurationPlatforms) = postSolution
		{53B5DDC1-8D04-4902-B469-6501F7336B6E}.Debug|Any CPU.ActiveCfg = Debug|Any CPU
		{53B5DDC1-8D04-4902-B469-6501F7336B6E}.Release|Any CPU.ActiveCfg = Release|Any CPU
	EndGlobalSection
	GlobalSection(SolutionProperties) = preSolution
		HideSolutionNode = FALSE
	EndGlobalSection
	GlobalSection(ExtensibilityGlobals) = postSolution
		SolutionGuid = {0E3BA965-C3DA-425F-827F-78BA4B08F901}
	EndGlobalSection
EndGlobal
